// !$*UTF8*$!
{
	archiveVersion = 1;
	classes = {
	};
	objectVersion = 46;
	objects = {

/* Begin PBXBuildFile section */
		C9E0ED151EC0F5CC00D2E48D /* AppDelegate.swift in Sources */ = {isa = PBXBuildFile; fileRef = C9E0ED141EC0F5CC00D2E48D /* AppDelegate.swift */; };
		C9E0ED171EC0F5CC00D2E48D /* ViewController.swift in Sources */ = {isa = PBXBuildFile; fileRef = C9E0ED161EC0F5CC00D2E48D /* ViewController.swift */; };
		C9E0ED1A1EC0F5CC00D2E48D /* Main.storyboard in Resources */ = {isa = PBXBuildFile; fileRef = C9E0ED181EC0F5CC00D2E48D /* Main.storyboard */; };
		C9E0ED1C1EC0F5CC00D2E48D /* Assets.xcassets in Resources */ = {isa = PBXBuildFile; fileRef = C9E0ED1B1EC0F5CC00D2E48D /* Assets.xcassets */; };
		C9E0ED1F1EC0F5CC00D2E48D /* LaunchScreen.storyboard in Resources */ = {isa = PBXBuildFile; fileRef = C9E0ED1D1EC0F5CC00D2E48D /* LaunchScreen.storyboard */; };
/* End PBXBuildFile section */

/* Begin PBXFileReference section */
		C9E0ED111EC0F5CC00D2E48D /* DBWork.app */ = {isa = PBXFileReference; explicitFileType = wrapper.application; includeInIndex = 0; path = DBWork.app; sourceTree = BUILT_PRODUCTS_DIR; };
		C9E0ED141EC0F5CC00D2E48D /* AppDelegate.swift */ = {isa = PBXFileReference; lastKnownFileType = sourcecode.swift; path = AppDelegate.swift; sourceTree = "<group>"; };
		C9E0ED161EC0F5CC00D2E48D /* ViewController.swift */ = {isa = PBXFileReference; lastKnownFileType = sourcecode.swift; path = ViewController.swift; sourceTree = "<group>"; };
		C9E0ED191EC0F5CC00D2E48D /* Base */ = {isa = PBXFileReference; lastKnownFileType = file.storyboard; name = Base; path = Base.lproj/Main.storyboard; sourceTree = "<group>"; };
		C9E0ED1B1EC0F5CC00D2E48D /* Assets.xcassets */ = {isa = PBXFileReference; lastKnownFileType = folder.assetcatalog; path = Assets.xcassets; sourceTree = "<group>"; };
		C9E0ED1E1EC0F5CC00D2E48D /* Base */ = {isa = PBXFileReference; lastKnownFileType = file.storyboard; name = Base; path = Base.lproj/LaunchScreen.storyboard; sourceTree = "<group>"; };
		C9E0ED201EC0F5CC00D2E48D /* Info.plist */ = {isa = PBXFileReference; lastKnownFileType = text.plist.xml; path = Info.plist; sourceTree = "<group>"; };
/* End PBXFileReference section */

/* Begin PBXFrameworksBuildPhase section */
		C9E0ED0E1EC0F5CC00D2E48D /* Frameworks */ = {
			isa = PBXFrameworksBuildPhase;
			buildActionMask = 2147483647;
			files = (
			);
			runOnlyForDeploymentPostprocessing = 0;
		};
/* End PBXFrameworksBuildPhase section */

/* Begin PBXGroup section */
		C9E0ED081EC0F5CB00D2E48D = {
			isa = PBXGroup;
			children = (
				C9E0ED131EC0F5CC00D2E48D /* DBWork */,
				C9E0ED121EC0F5CC00D2E48D /* Products */,
			);
			sourceTree = "<group>";
		};
		C9E0ED121EC0F5CC00D2E48D /* Products */ = {
			isa = PBXGroup;
			children = (
				C9E0ED111EC0F5CC00D2E48D /* DBWork.app */,
			);
			name = Products;
			sourceTree = "<group>";
		};
		C9E0ED131EC0F5CC00D2E48D /* DBWork */ = {
			isa = PBXGroup;
			children = (
				C9E0ED141EC0F5CC00D2E48D /* AppDelegate.swift */,
				C9E0ED161EC0F5CC00D2E48D /* ViewController.swift */,
				C9E0ED181EC0F5CC00D2E48D /* Main.storyboard */,
				C9E0ED1B1EC0F5CC00D2E48D /* Assets.xcassets */,
				C9E0ED1D1EC0F5CC00D2E48D /* LaunchScreen.storyboard */,
				C9E0ED201EC0F5CC00D2E48D /* Info.plist */,
			);
			path = DBWork;
			sourceTree = "<group>";
		};
/* End PBXGroup section */

/* Begin PBXNativeTarget section */
		C9E0ED101EC0F5CC00D2E48D /* DBWork */ = {
			isa = PBXNativeTarget;
			buildConfigurationList = C9E0ED231EC0F5CC00D2E48D /* Build configuration list for PBXNativeTarget "DBWork" */;
			buildPhases = (
				C9E0ED0D1EC0F5CC00D2E48D /* Sources */,
				C9E0ED0E1EC0F5CC00D2E48D /* Frameworks */,
				C9E0ED0F1EC0F5CC00D2E48D /* Resources */,
			);
			buildRules = (
			);
			dependencies = (
			);
			name = DBWork;
			productName = DBWork;
			productReference = C9E0ED111EC0F5CC00D2E48D /* DBWork.app */;
			productType = "com.apple.product-type.application";
		};
/* End PBXNativeTarget section */

/* Begin PBXProject section */
		C9E0ED091EC0F5CB00D2E48D /* Project object */ = {
			isa = PBXProject;
			attributes = {
				LastSwiftUpdateCheck = 0830;
				LastUpgradeCheck = 0830;
				ORGANIZATIONNAME = "ANKIT SHARMA";
				TargetAttributes = {
					C9E0ED101EC0F5CC00D2E48D = {
						CreatedOnToolsVersion = 8.3.2;
						DevelopmentTeam = PPFQTYCRTS;
						ProvisioningStyle = Automatic;
					};
				};
			};
			buildConfigurationList = C9E0ED0C1EC0F5CB00D2E48D /* Build configuration list for PBXProject "DBWork" */;
			compatibilityVersion = "Xcode 3.2";
			developmentRegion = English;
			hasScannedForEncodings = 0;
			knownRegions = (
				en,
				Base,
			);
			mainGroup = C9E0ED081EC0F5CB00D2E48D;
			productRefGroup = C9E0ED121EC0F5CC00D2E48D /* Products */;
			projectDirPath = "";
			projectRoot = "";
			targets = (
				C9E0ED101EC0F5CC00D2E48D /* DBWork */,
			);
		};
/* End PBXProject section */

/* Begin PBXResourcesBuildPhase section */
		C9E0ED0F1EC0F5CC00D2E48D /* Resources */ = {
			isa = PBXResourcesBuildPhase;
			buildActionMask = 2147483647;
			files = (
				C9E0ED1F1EC0F5CC00D2E48D /* LaunchScreen.storyboard in Resources */,
				C9E0ED1C1EC0F5CC00D2E48D /* Assets.xcassets in Resources */,
				C9E0ED1A1EC0F5CC00D2E48D /* Main.storyboard in Resources */,
			);
			runOnlyForDeploymentPostprocessing = 0;
		};
/* End PBXResourcesBuildPhase section */

/* Begin PBXSourcesBuildPhase section */
		C9E0ED0D1EC0F5CC00D2E48D /* Sources */ = {
			isa = PBXSourcesBuildPhase;
			buildActionMask = 2147483647;
			files = (
				C9E0ED171EC0F5CC00D2E48D /* ViewController.swift in Sources */,
				C9E0ED151EC0F5CC00D2E48D /* AppDelegate.swift in Sources */,
			);
			runOnlyForDeploymentPostprocessing = 0;
		};
/* End PBXSourcesBuildPhase section */

/* Begin PBXVariantGroup section */
		C9E0ED181EC0F5CC00D2E48D /* Main.storyboard */ = {
			isa = PBXVariantGroup;
			children = (
				C9E0ED191EC0F5CC00D2E48D /* Base */,
			);
			name = Main.storyboard;
			sourceTree = "<group>";
		};
		C9E0ED1D1EC0F5CC00D2E48D /* LaunchScreen.storyboard */ = {
			isa = PBXVariantGroup;
			children = (
				C9E0ED1E1EC0F5CC00D2E48D /* Base */,
			);
			name = LaunchScreen.storyboard;
			sourceTree = "<group>";
		};
/* End PBXVariantGroup section */

/* Begin XCBuildConfiguration section */
		C9E0ED211EC0F5CC00D2E48D /* Debug */ = {
			isa = XCBuildConfiguration;
			buildSettings = {
				ALWAYS_SEARCH_USER_PATHS = NO;
				CLANG_ANALYZER_NONNULL = YES;
				CLANG_ANALYZER_NUMBER_OBJECT_CONVERSION = YES_AGGRESSIVE;
				CLANG_CXX_LANGUAGE_STANDARD = "gnu++0x";
				CLANG_CXX_LIBRARY = "libc++";
				CLANG_ENABLE_MODULES = YES;
				CLANG_ENABLE_OBJC_ARC = YES;
				CLANG_WARN_BOOL_CONVERSION = YES;
				CLANG_WARN_CONSTANT_CONVERSION = YES;
				CLANG_WARN_DIRECT_OBJC_ISA_USAGE = YES_ERROR;
				CLANG_WARN_DOCUMENTATION_COMMENTS = YES;
				CLANG_WARN_EMPTY_BODY = YES;
				CLANG_WARN_ENUM_CONVERSION = YES;
				CLANG_WARN_INFINITE_RECURSION = YES;
				CLANG_WARN_INT_CONVERSION = YES;
				CLANG_WARN_OBJC_ROOT_CLASS = YES_ERROR;
				CLANG_WARN_SUSPICIOUS_MOVE = YES;
				CLANG_WARN_UNREACHABLE_CODE = YES;
				CLANG_WARN__DUPLICATE_METHOD_MATCH = YES;
				"CODE_SIGN_IDENTITY[sdk=iphoneos*]" = "iPhone Developer";
				COPY_PHASE_STRIP = NO;
				DEBUG_INFORMATION_FORMAT = dwarf;
				ENABLE_STRICT_OBJC_MSGSEND = YES;
				ENABLE_TESTABILITY = YES;
				GCC_C_LANGUAGE_STANDARD = gnu99;
				GCC_DYNAMIC_NO_PIC = NO;
				GCC_NO_COMMON_BLOCKS = YES;
				GCC_OPTIMIZATION_LEVEL = 0;
				GCC_PREPROCESSOR_DEFINITIONS = (
					"DEBUG=1",
					"$(inherited)",
				);
				GCC_WARN_64_TO_32_BIT_CONVERSION = YES;
				GCC_WARN_ABOUT_RETURN_TYPE = YES_ERROR;
				GCC_WARN_UNDECLARED_SELECTOR = YES;
				GCC_WARN_UNINITIALIZED_AUTOS = YES_AGGRESSIVE;
				GCC_WARN_UNUSED_FUNCTION = YES;
				GCC_WARN_UNUSED_VARIABLE = YES;
				IPHONEOS_DEPLOYMENT_TARGET = 10.3;
				MTL_ENABLE_DEBUG_INFO = YES;
				ONLY_ACTIVE_ARCH = YES;
				SDKROOT = iphoneos;
				SWIFT_ACTIVE_COMPILATION_CONDITIONS = DEBUG;
				SWIFT_OPTIMIZATION_LEVEL = "-Onone";
			};
			name = Debug;
		};
		C9E0ED221EC0F5CC00D2E48D /* Release */ = {
			isa = XCBuildConfiguration;
			buildSettings = {
				ALWAYS_SEARCH_USER_PATHS = NO;
				CLANG_ANALYZER_NONNULL = YES;
				CLANG_ANALYZER_NUMBER_OBJECT_CONVERSION = YES_AGGRESSIVE;
				CLANG_CXX_LANGUAGE_STANDARD = "gnu++0x";
				CLANG_CXX_LIBRARY = "libc++";
				CLANG_ENABLE_MODULES = YES;
				CLANG_ENABLE_OBJC_ARC = YES;
				CLANG_WARN_BOOL_CONVERSION = YES;
				CLANG_WARN_CONSTANT_CONVERSION = YES;
				CLANG_WARN_DIRECT_OBJC_ISA_USAGE = YES_ERROR;
				CLANG_WARN_DOCUMENTATION_COMMENTS = YES;
				CLANG_WARN_EMPTY_BODY = YES;
				CLANG_WARN_ENUM_CONVERSION = YES;
				CLANG_WARN_INFINITE_RECURSION = YES;
				CLANG_WARN_INT_CONVERSION = YES;
				CLANG_WARN_OBJC_ROOT_CLASS = YES_ERROR;
				CLANG_WARN_SUSPICIOUS_MOVE = YES;
				CLANG_WARN_UNREACHABLE_CODE = YES;
				CLANG_WARN__DUPLICATE_METHOD_MATCH = YES;
				"CODE_SIGN_IDENTITY[sdk=iphoneos*]" = "iPhone Developer";
				COPY_PHASE_STRIP = NO;
				DEBUG_INFORMATION_FORMAT = "dwarf-with-dsym";
				ENABLE_NS_ASSERTIONS = NO;
				ENABLE_STRICT_OBJC_MSGSEND = YES;
				GCC_C_LANGUAGE_STANDARD = gnu99;
				GCC_NO_COMMON_BLOCKS = YES;
				GCC_WARN_64_TO_32_BIT_CONVERSION = YES;
				GCC_WARN_ABOUT_RETURN_TYPE = YES_ERROR;
				GCC_WARN_UNDECLARED_SELECTOR = YES;
				GCC_WARN_UNINITIALIZED_AUTOS = YES_AGGRESSIVE;
				GCC_WARN_UNUSED_FUNCTION = YES;
				GCC_WARN_UNUSED_VARIABLE = YES;
				IPHONEOS_DEPLOYMENT_TARGET = 10.3;
				MTL_ENABLE_DEBUG_INFO = NO;
				SDKROOT = iphoneos;
				SWIFT_OPTIMIZATION_LEVEL = "-Owholemodule";
				VALIDATE_PRODUCT = YES;
			};
			name = Release;
		};
		C9E0ED241EC0F5CC00D2E48D /* Debug */ = {
			isa = XCBuildConfiguration;
			buildSettings = {
				ASSETCATALOG_COMPILER_APPICON_NAME = AppIcon;
				DEVELOPMENT_TEAM = PPFQTYCRTS;
				INFOPLIST_FILE = DBWork/Info.plist;
				LD_RUNPATH_SEARCH_PATHS = "$(inherited) @executable_path/Frameworks";
				PRODUCT_BUNDLE_IDENTIFIER = com.ankit.DBWork;
				PRODUCT_NAME = "$(TARGET_NAME)";
				SWIFT_VERSION = 3.0;
			};
			name = Debug;
		};
		C9E0ED251EC0F5CC00D2E48D /* Release */ = {
			isa = XCBuildConfiguration;
			buildSettings = {
				ASSETCATALOG_COMPILER_APPICON_NAME = AppIcon;
				DEVELOPMENT_TEAM = PPFQTYCRTS;
				INFOPLIST_FILE = DBWork/Info.plist;
				LD_RUNPATH_SEARCH_PATHS = "$(inherited) @executable_path/Frameworks";
				PRODUCT_BUNDLE_IDENTIFIER = com.ankit.DBWork;
				PRODUCT_NAME = "$(TARGET_NAME)";
				SWIFT_VERSION = 3.0;
			};
			name = Release;
		};
/* End XCBuildConfiguration section */

/* Begin XCConfigurationList section */
		C9E0ED0C1EC0F5CB00D2E48D /* Build configuration list for PBXProject "DBWork" */ = {
			isa = XCConfigurationList;
			buildConfigurations = (
				C9E0ED211EC0F5CC00D2E48D /* Debug */,
				C9E0ED221EC0F5CC00D2E48D /* Release */,
			);
			defaultConfigurationIsVisible = 0;
			defaultConfigurationName = Release;
		};
		C9E0ED231EC0F5CC00D2E48D /* Build configuration list for PBXNativeTarget "DBWork" */ = {
			isa = XCConfigurationList;
			buildConfigurations = (
				C9E0ED241EC0F5CC00D2E48D /* Debug */,
				C9E0ED251EC0F5CC00D2E48D /* Release */,
			);
			defaultConfigurationIsVisible = 0;
		};
/* End XCConfigurationList section */
	};
	rootObject = C9E0ED091EC0F5CB00D2E48D /* Project object */;
}
